
Microsoft Visual Studio Solution File, Format Version 12.00
# Visual Studio Version 16
VisualStudioVersion = 16.0.30413.136
MinimumVisualStudioVersion = 10.0.40219.1
Project("{F2A71F9B-5D33-465A-A702-920D77279786}") = "ExcelExtraFunctions", "ExcelExtraFunctions\ExcelExtraFunctions.fsproj", "{928743B5-5DF5-4642-8937-87B7B59C7D8E}"
EndProject
Project("{F2A71F9B-5D33-465A-A702-920D77279786}") = "ExcelExtraFunctions.Tests", "ExcelExtraFunctions.Tests\ExcelExtraFunctions.Tests.fsproj", "{5B10CF99-F600-494A-86A2-B661000A18D6}"
EndProject
Global
	GlobalSection(SolutionConfigurationPlatforms) = preSolution
		Debug|Any CPU = Debug|Any CPU
		Release|Any CPU = Release|Any CPU
	EndGlobalSection
	GlobalSection(ProjectConfigurationPlatforms) = postSolution
		{928743B5-5DF5-4642-8937-87B7B59C7D8E}.Debug|Any CPU.ActiveCfg = Debug|Any CPU
		{928743B5-5DF5-4642-8937-87B7B59C7D8E}.Debug|Any CPU.Build.0 = Debug|Any CPU
		{928743B5-5DF5-4642-8937-87B7B59C7D8E}.Release|Any CPU.ActiveCfg = Release|Any CPU
		{928743B5-5DF5-4642-8937-87B7B59C7D8E}.Release|Any CPU.Build.0 = Release|Any CPU
		{5B10CF99-F600-494A-86A2-B661000A18D6}.Debug|Any CPU.ActiveCfg = Debug|Any CPU
		{5B10CF99-F600-494A-86A2-B661000A18D6}.Debug|Any CPU.Build.0 = Debug|Any CPU
		{5B10CF99-F600-494A-86A2-B661000A18D6}.Release|Any CPU.ActiveCfg = Release|Any CPU
		{5B10CF99-F600-494A-86A2-B661000A18D6}.Release|Any CPU.Build.0 = Release|Any CPU
	EndGlobalSection
	GlobalSection(SolutionProperties) = preSolution
		HideSolutionNode = FALSE
	EndGlobalSection
	GlobalSection(ExtensibilityGlobals) = postSolution
		SolutionGuid = {B15778AF-16B7-406A-9F6E-6438C1328DC6}
	EndGlobalSection
EndGlobal
